Microsoft Visual Studio Solution File, Format Version 12.00
# Visual Studio Version 17
VisualStudioVersion = 17.0.31903.59
MinimumVisualStudioVersion = 10.0.40219.1
Project("{9A19103F-16F7-4668-BE54-9A1E7A4F7556}") = "Application", "Application\Application.csproj", "{5E4687EC-E79C-498F-888B-77F942212383}"
EndProject
Project("{9A19103F-16F7-4668-BE54-9A1E7A4F7556}") = "Domain", "Domain\Domain.csproj", "{E018966E-BC7B-4976-B83F-F35381E999D2}"
EndProject
Project("{9A19103F-16F7-4668-BE54-9A1E7A4F7556}") = "Infrastructure", "Infrastructure\Infrastructure.csproj", "{AC6E9E05-8BAD-402D-BE44-BAD546F506F0}"
EndProject
Project("{2150E333-8FDC-42A3-9474-1A3956D46DE8}") = "src", "src", "{51DE5466-F96F-4A96-A220-783D216FB46D}"
EndProject
Project("{9A19103F-16F7-4668-BE54-9A1E7A4F7556}") = "API", "API\API.csproj", "{44FA092F-7916-461E-9734-E2C63C7A2881}"
EndProject
Project("{2150E333-8FDC-42A3-9474-1A3956D46DE8}") = "tests", "tests", "{2E919B8C-17B1-49D9-80A2-88CAFAE50AC7}"
EndProject
Project("{FAE04EC0-301F-11D3-BF4B-00C04F79EFBC}") = "Application.Test", "Application.Test\Application.Test.csproj", "{E5A40C0F-CD48-4A69-9A94-6B29BC8D17EC}"
EndProject
Project("{2150E333-8FDC-42A3-9474-1A3956D46DE8}") = "CI_CD", "CI_CD", "{5A62A8A9-102C-4635-B139-9FAE44C4F7E0}"
	ProjectSection(SolutionItems) = preProject
		.github\workflows\dotnet-api.yml = .github\workflows\dotnet-api.yml
	EndProjectSection
EndProject
Project("{FAE04EC0-301F-11D3-BF4B-00C04F79EFBC}") = "API.Test", "API.Test\API.Test.csproj", "{2F54CC50-4FBC-4D59-A986-DE3F34A4C6E7}"
EndProject
Global
	GlobalSection(SolutionConfigurationPlatforms) = preSolution
		Debug|Any CPU = Debug|Any CPU
		Release|Any CPU = Release|Any CPU
	EndGlobalSection
	GlobalSection(ProjectConfigurationPlatforms) = postSolution
		{5E4687EC-E79C-498F-888B-77F942212383}.Debug|Any CPU.ActiveCfg = Debug|Any CPU
		{5E4687EC-E79C-498F-888B-77F942212383}.Debug|Any CPU.Build.0 = Debug|Any CPU
		{5E4687EC-E79C-498F-888B-77F942212383}.Release|Any CPU.ActiveCfg = Release|Any CPU
		{5E4687EC-E79C-498F-888B-77F942212383}.Release|Any CPU.Build.0 = Release|Any CPU
		{E018966E-BC7B-4976-B83F-F35381E999D2}.Debug|Any CPU.ActiveCfg = Debug|Any CPU
		{E018966E-BC7B-4976-B83F-F35381E999D2}.Debug|Any CPU.Build.0 = Debug|Any CPU
		{E018966E-BC7B-4976-B83F-F35381E999D2}.Release|Any CPU.ActiveCfg = Release|Any CPU
		{E018966E-BC7B-4976-B83F-F35381E999D2}.Release|Any CPU.Build.0 = Release|Any CPU
		{AC6E9E05-8BAD-402D-BE44-BAD546F506F0}.Debug|Any CPU.ActiveCfg = Debug|Any CPU
		{AC6E9E05-8BAD-402D-BE44-BAD546F506F0}.Debug|Any CPU.Build.0 = Debug|Any CPU
		{AC6E9E05-8BAD-402D-BE44-BAD546F506F0}.Release|Any CPU.ActiveCfg = Release|Any CPU
		{AC6E9E05-8BAD-402D-BE44-BAD546F506F0}.Release|Any CPU.Build.0 = Release|Any CPU
		{44FA092F-7916-461E-9734-E2C63C7A2881}.Debug|Any CPU.ActiveCfg = Debug|Any CPU
		{44FA092F-7916-461E-9734-E2C63C7A2881}.Debug|Any CPU.Build.0 = Debug|Any CPU
		{44FA092F-7916-461E-9734-E2C63C7A2881}.Release|Any CPU.ActiveCfg = Release|Any CPU
		{44FA092F-7916-461E-9734-E2C63C7A2881}.Release|Any CPU.Build.0 = Release|Any CPU
		{E5A40C0F-CD48-4A69-9A94-6B29BC8D17EC}.Debug|Any CPU.ActiveCfg = Debug|Any CPU
		{E5A40C0F-CD48-4A69-9A94-6B29BC8D17EC}.Debug|Any CPU.Build.0 = Debug|Any CPU
		{E5A40C0F-CD48-4A69-9A94-6B29BC8D17EC}.Release|Any CPU.ActiveCfg = Release|Any CPU
		{E5A40C0F-CD48-4A69-9A94-6B29BC8D17EC}.Release|Any CPU.Build.0 = Release|Any CPU
		{2F54CC50-4FBC-4D59-A986-DE3F34A4C6E7}.Debug|Any CPU.ActiveCfg = Debug|Any CPU
		{2F54CC50-4FBC-4D59-A986-DE3F34A4C6E7}.Debug|Any CPU.Build.0 = Debug|Any CPU
		{2F54CC50-4FBC-4D59-A986-DE3F34A4C6E7}.Release|Any CPU.ActiveCfg = Release|Any CPU
		{2F54CC50-4FBC-4D59-A986-DE3F34A4C6E7}.Release|Any CPU.Build.0 = Release|Any CPU
	EndGlobalSection
	GlobalSection(SolutionProperties) = preSolution
		HideSolutionNode = FALSE
	EndGlobalSection
	GlobalSection(NestedProjects) = preSolution
		{5E4687EC-E79C-498F-888B-77F942212383} = {51DE5466-F96F-4A96-A220-783D216FB46D}
		{E018966E-BC7B-4976-B83F-F35381E999D2} = {51DE5466-F96F-4A96-A220-783D216FB46D}
		{AC6E9E05-8BAD-402D-BE44-BAD546F506F0} = {51DE5466-F96F-4A96-A220-783D216FB46D}
		{44FA092F-7916-461E-9734-E2C63C7A2881} = {51DE5466-F96F-4A96-A220-783D216FB46D}
		{E5A40C0F-CD48-4A69-9A94-6B29BC8D17EC} = {2E919B8C-17B1-49D9-80A2-88CAFAE50AC7}
		{2F54CC50-4FBC-4D59-A986-DE3F34A4C6E7} = {2E919B8C-17B1-49D9-80A2-88CAFAE50AC7}
	EndGlobalSection
	GlobalSection(ExtensibilityGlobals) = postSolution
		SolutionGuid = {DC06C9FB-17E1-45F0-9880-380C7A26CE0E}
	EndGlobalSection
EndGlobal
